// !$*UTF8*$!
{
	archiveVersion = 1;
	classes = {
	};
	objectVersion = 56;
	objects = {

/* Begin PBXBuildFile section */
		DFDB7D762B7FDD7E006D2F90 /* AppDelegate.swift in Sources */ = {isa = PBXBuildFile; fileRef = DFDB7D752B7FDD7E006D2F90 /* AppDelegate.swift */; };
		DFDB7D782B7FDD7E006D2F90 /* SceneDelegate.swift in Sources */ = {isa = PBXBuildFile; fileRef = DFDB7D772B7FDD7E006D2F90 /* SceneDelegate.swift */; };
		DFDB7D7A2B7FDD7E006D2F90 /* ViewController.swift in Sources */ = {isa = PBXBuildFile; fileRef = DFDB7D792B7FDD7E006D2F90 /* ViewController.swift */; };
		DFDB7D7D2B7FDD7E006D2F90 /* Main.storyboard in Resources */ = {isa = PBXBuildFile; fileRef = DFDB7D7B2B7FDD7E006D2F90 /* Main.storyboard */; };
		DFDB7D802B7FDD7E006D2F90 /* NewYorkTimesArticles.xcdatamodeld in Sources */ = {isa = PBXBuildFile; fileRef = DFDB7D7E2B7FDD7E006D2F90 /* NewYorkTimesArticles.xcdatamodeld */; };
		DFDB7D822B7FDD7F006D2F90 /* Assets.xcassets in Resources */ = {isa = PBXBuildFile; fileRef = DFDB7D812B7FDD7F006D2F90 /* Assets.xcassets */; };
		DFDB7D852B7FDD7F006D2F90 /* LaunchScreen.storyboard in Resources */ = {isa = PBXBuildFile; fileRef = DFDB7D832B7FDD7F006D2F90 /* LaunchScreen.storyboard */; };
		DFDB7D902B7FDD7F006D2F90 /* NewYorkTimesArticlesTests.swift in Sources */ = {isa = PBXBuildFile; fileRef = DFDB7D8F2B7FDD7F006D2F90 /* NewYorkTimesArticlesTests.swift */; };
		DFDB7D9A2B7FDD7F006D2F90 /* NewYorkTimesArticlesUITests.swift in Sources */ = {isa = PBXBuildFile; fileRef = DFDB7D992B7FDD7F006D2F90 /* NewYorkTimesArticlesUITests.swift */; };
		DFDB7D9C2B7FDD7F006D2F90 /* NewYorkTimesArticlesUITestsLaunchTests.swift in Sources */ = {isa = PBXBuildFile; fileRef = DFDB7D9B2B7FDD7F006D2F90 /* NewYorkTimesArticlesUITestsLaunchTests.swift */; };
/* End PBXBuildFile section */

/* Begin PBXContainerItemProxy section */
		DFDB7D8C2B7FDD7F006D2F90 /* PBXContainerItemProxy */ = {
			isa = PBXContainerItemProxy;
			containerPortal = DFDB7D6A2B7FDD7E006D2F90 /* Project object */;
			proxyType = 1;
			remoteGlobalIDString = DFDB7D712B7FDD7E006D2F90;
			remoteInfo = NewYorkTimesArticles;
		};
		DFDB7D962B7FDD7F006D2F90 /* PBXContainerItemProxy */ = {
			isa = PBXContainerItemProxy;
			containerPortal = DFDB7D6A2B7FDD7E006D2F90 /* Project object */;
			proxyType = 1;
			remoteGlobalIDString = DFDB7D712B7FDD7E006D2F90;
			remoteInfo = NewYorkTimesArticles;
		};
/* End PBXContainerItemProxy section */

/* Begin PBXFileReference section */
		DFDB7D722B7FDD7E006D2F90 /* NewYorkTimesArticles.app */ = {isa = PBXFileReference; explicitFileType = wrapper.application; includeInIndex = 0; path = NewYorkTimesArticles.app; sourceTree = BUILT_PRODUCTS_DIR; };
		DFDB7D752B7FDD7E006D2F90 /* AppDelegate.swift */ = {isa = PBXFileReference; lastKnownFileType = sourcecode.swift; path = AppDelegate.swift; sourceTree = "<group>"; };
		DFDB7D772B7FDD7E006D2F90 /* SceneDelegate.swift */ = {isa = PBXFileReference; lastKnownFileType = sourcecode.swift; path = SceneDelegate.swift; sourceTree = "<group>"; };
		DFDB7D792B7FDD7E006D2F90 /* ViewController.swift */ = {isa = PBXFileReference; lastKnownFileType = sourcecode.swift; path = ViewController.swift; sourceTree = "<group>"; };
		DFDB7D7C2B7FDD7E006D2F90 /* Base */ = {isa = PBXFileReference; lastKnownFileType = file.storyboard; name = Base; path = Base.lproj/Main.storyboard; sourceTree = "<group>"; };
		DFDB7D7F2B7FDD7E006D2F90 /* NewYorkTimesArticles.xcdatamodel */ = {isa = PBXFileReference; lastKnownFileType = wrapper.xcdatamodel; path = NewYorkTimesArticles.xcdatamodel; sourceTree = "<group>"; };
		DFDB7D812B7FDD7F006D2F90 /* Assets.xcassets */ = {isa = PBXFileReference; lastKnownFileType = folder.assetcatalog; path = Assets.xcassets; sourceTree = "<group>"; };
		DFDB7D842B7FDD7F006D2F90 /* Base */ = {isa = PBXFileReference; lastKnownFileType = file.storyboard; name = Base; path = Base.lproj/LaunchScreen.storyboard; sourceTree = "<group>"; };
		DFDB7D862B7FDD7F006D2F90 /* Info.plist */ = {isa = PBXFileReference; lastKnownFileType = text.plist.xml; path = Info.plist; sourceTree = "<group>"; };
		DFDB7D8B2B7FDD7F006D2F90 /* NewYorkTimesArticlesTests.xctest */ = {isa = PBXFileReference; explicitFileType = wrapper.cfbundle; includeInIndex = 0; path = NewYorkTimesArticlesTests.xctest; sourceTree = BUILT_PRODUCTS_DIR; };
		DFDB7D8F2B7FDD7F006D2F90 /* NewYorkTimesArticlesTests.swift */ = {isa = PBXFileReference; lastKnownFileType = sourcecode.swift; path = NewYorkTimesArticlesTests.swift; sourceTree = "<group>"; };
		DFDB7D952B7FDD7F006D2F90 /* NewYorkTimesArticlesUITests.xctest */ = {isa = PBXFileReference; explicitFileType = wrapper.cfbundle; includeInIndex = 0; path = NewYorkTimesArticlesUITests.xctest; sourceTree = BUILT_PRODUCTS_DIR; };
		DFDB7D992B7FDD7F006D2F90 /* NewYorkTimesArticlesUITests.swift */ = {isa = PBXFileReference; lastKnownFileType = sourcecode.swift; path = NewYorkTimesArticlesUITests.swift; sourceTree = "<group>"; };
		DFDB7D9B2B7FDD7F006D2F90 /* NewYorkTimesArticlesUITestsLaunchTests.swift */ = {isa = PBXFileReference; lastKnownFileType = sourcecode.swift; path = NewYorkTimesArticlesUITestsLaunchTests.swift; sourceTree = "<group>"; };
/* End PBXFileReference section */

/* Begin PBXFrameworksBuildPhase section */
		DFDB7D6F2B7FDD7E006D2F90 /* Frameworks */ = {
			isa = PBXFrameworksBuildPhase;
			buildActionMask = 2147483647;
			files = (
			);
			runOnlyForDeploymentPostprocessing = 0;
		};
		DFDB7D882B7FDD7F006D2F90 /* Frameworks */ = {
			isa = PBXFrameworksBuildPhase;
			buildActionMask = 2147483647;
			files = (
			);
			runOnlyForDeploymentPostprocessing = 0;
		};
		DFDB7D922B7FDD7F006D2F90 /* Frameworks */ = {
			isa = PBXFrameworksBuildPhase;
			buildActionMask = 2147483647;
			files = (
			);
			runOnlyForDeploymentPostprocessing = 0;
		};
/* End PBXFrameworksBuildPhase section */

/* Begin PBXGroup section */
		DFDB7D692B7FDD7E006D2F90 = {
			isa = PBXGroup;
			children = (
				DFDB7D742B7FDD7E006D2F90 /* NewYorkTimesArticles */,
				DFDB7D8E2B7FDD7F006D2F90 /* NewYorkTimesArticlesTests */,
				DFDB7D982B7FDD7F006D2F90 /* NewYorkTimesArticlesUITests */,
				DFDB7D732B7FDD7E006D2F90 /* Products */,
			);
			sourceTree = "<group>";
		};
		DFDB7D732B7FDD7E006D2F90 /* Products */ = {
			isa = PBXGroup;
			children = (
				DFDB7D722B7FDD7E006D2F90 /* NewYorkTimesArticles.app */,
				DFDB7D8B2B7FDD7F006D2F90 /* NewYorkTimesArticlesTests.xctest */,
				DFDB7D952B7FDD7F006D2F90 /* NewYorkTimesArticlesUITests.xctest */,
			);
			name = Products;
			sourceTree = "<group>";
		};
		DFDB7D742B7FDD7E006D2F90 /* NewYorkTimesArticles */ = {
			isa = PBXGroup;
			children = (
				DFDB7D752B7FDD7E006D2F90 /* AppDelegate.swift */,
				DFDB7D772B7FDD7E006D2F90 /* SceneDelegate.swift */,
				DFDB7D792B7FDD7E006D2F90 /* ViewController.swift */,
				DFDB7D7B2B7FDD7E006D2F90 /* Main.storyboard */,
				DFDB7D812B7FDD7F006D2F90 /* Assets.xcassets */,
				DFDB7D832B7FDD7F006D2F90 /* LaunchScreen.storyboard */,
				DFDB7D862B7FDD7F006D2F90 /* Info.plist */,
				DFDB7D7E2B7FDD7E006D2F90 /* NewYorkTimesArticles.xcdatamodeld */,
			);
			path = NewYorkTimesArticles;
			sourceTree = "<group>";
		};
		DFDB7D8E2B7FDD7F006D2F90 /* NewYorkTimesArticlesTests */ = {
			isa = PBXGroup;
			children = (
				DFDB7D8F2B7FDD7F006D2F90 /* NewYorkTimesArticlesTests.swift */,
			);
			path = NewYorkTimesArticlesTests;
			sourceTree = "<group>";
		};
		DFDB7D982B7FDD7F006D2F90 /* NewYorkTimesArticlesUITests */ = {
			isa = PBXGroup;
			children = (
				DFDB7D992B7FDD7F006D2F90 /* NewYorkTimesArticlesUITests.swift */,
				DFDB7D9B2B7FDD7F006D2F90 /* NewYorkTimesArticlesUITestsLaunchTests.swift */,
			);
			path = NewYorkTimesArticlesUITests;
			sourceTree = "<group>";
		};
/* End PBXGroup section */

/* Begin PBXNativeTarget section */
		DFDB7D712B7FDD7E006D2F90 /* NewYorkTimesArticles */ = {
			isa = PBXNativeTarget;
			buildConfigurationList = DFDB7D9F2B7FDD7F006D2F90 /* Build configuration list for PBXNativeTarget "NewYorkTimesArticles" */;
			buildPhases = (
				DFDB7D6E2B7FDD7E006D2F90 /* Sources */,
				DFDB7D6F2B7FDD7E006D2F90 /* Frameworks */,
				DFDB7D702B7FDD7E006D2F90 /* Resources */,
			);
			buildRules = (
			);
			dependencies = (
			);
			name = NewYorkTimesArticles;
			productName = NewYorkTimesArticles;
			productReference = DFDB7D722B7FDD7E006D2F90 /* NewYorkTimesArticles.app */;
			productType = "com.apple.product-type.application";
		};
		DFDB7D8A2B7FDD7F006D2F90 /* NewYorkTimesArticlesTests */ = {
			isa = PBXNativeTarget;
			buildConfigurationList = DFDB7DA22B7FDD7F006D2F90 /* Build configuration list for PBXNativeTarget "NewYorkTimesArticlesTests" */;
			buildPhases = (
				DFDB7D872B7FDD7F006D2F90 /* Sources */,
				DFDB7D882B7FDD7F006D2F90 /* Frameworks */,
				DFDB7D892B7FDD7F006D2F90 /* Resources */,
			);
			buildRules = (
			);
			dependencies = (
				DFDB7D8D2B7FDD7F006D2F90 /* PBXTargetDependency */,
			);
			name = NewYorkTimesArticlesTests;
			productName = NewYorkTimesArticlesTests;
			productReference = DFDB7D8B2B7FDD7F006D2F90 /* NewYorkTimesArticlesTests.xctest */;
			productType = "com.apple.product-type.bundle.unit-test";
		};
		DFDB7D942B7FDD7F006D2F90 /* NewYorkTimesArticlesUITests */ = {
			isa = PBXNativeTarget;
			buildConfigurationList = DFDB7DA52B7FDD7F006D2F90 /* Build configuration list for PBXNativeTarget "NewYorkTimesArticlesUITests" */;
			buildPhases = (
				DFDB7D912B7FDD7F006D2F90 /* Sources */,
				DFDB7D922B7FDD7F006D2F90 /* Frameworks */,
				DFDB7D932B7FDD7F006D2F90 /* Resources */,
			);
			buildRules = (
			);
			dependencies = (
				DFDB7D972B7FDD7F006D2F90 /* PBXTargetDependency */,
			);
			name = NewYorkTimesArticlesUITests;
			productName = NewYorkTimesArticlesUITests;
			productReference = DFDB7D952B7FDD7F006D2F90 /* NewYorkTimesArticlesUITests.xctest */;
			productType = "com.apple.product-type.bundle.ui-testing";
		};
/* End PBXNativeTarget section */

/* Begin PBXProject section */
		DFDB7D6A2B7FDD7E006D2F90 /* Project object */ = {
			isa = PBXProject;
			attributes = {
				BuildIndependentTargetsInParallel = 1;
				LastSwiftUpdateCheck = 1430;
				LastUpgradeCheck = 1430;
				TargetAttributes = {
					DFDB7D712B7FDD7E006D2F90 = {
						CreatedOnToolsVersion = 14.3.1;
					};
					DFDB7D8A2B7FDD7F006D2F90 = {
						CreatedOnToolsVersion = 14.3.1;
						TestTargetID = DFDB7D712B7FDD7E006D2F90;
					};
					DFDB7D942B7FDD7F006D2F90 = {
						CreatedOnToolsVersion = 14.3.1;
						TestTargetID = DFDB7D712B7FDD7E006D2F90;
					};
				};
			};
			buildConfigurationList = DFDB7D6D2B7FDD7E006D2F90 /* Build configuration list for PBXProject "NewYorkTimesArticles" */;
			compatibilityVersion = "Xcode 14.0";
			developmentRegion = en;
			hasScannedForEncodings = 0;
			knownRegions = (
				en,
				Base,
			);
			mainGroup = DFDB7D692B7FDD7E006D2F90;
			productRefGroup = DFDB7D732B7FDD7E006D2F90 /* Products */;
			projectDirPath = "";
			projectRoot = "";
			targets = (
				DFDB7D712B7FDD7E006D2F90 /* NewYorkTimesArticles */,
				DFDB7D8A2B7FDD7F006D2F90 /* NewYorkTimesArticlesTests */,
				DFDB7D942B7FDD7F006D2F90 /* NewYorkTimesArticlesUITests */,
			);
		};
/* End PBXProject section */

/* Begin PBXResourcesBuildPhase section */
		DFDB7D702B7FDD7E006D2F90 /* Resources */ = {
			isa = PBXResourcesBuildPhase;
			buildActionMask = 2147483647;
			files = (
				DFDB7D852B7FDD7F006D2F90 /* LaunchScreen.storyboard in Resources */,
				DFDB7D822B7FDD7F006D2F90 /* Assets.xcassets in Resources */,
				DFDB7D7D2B7FDD7E006D2F90 /* Main.storyboard in Resources */,
			);
			runOnlyForDeploymentPostprocessing = 0;
		};
		DFDB7D892B7FDD7F006D2F90 /* Resources */ = {
			isa = PBXResourcesBuildPhase;
			buildActionMask = 2147483647;
			files = (
			);
			runOnlyForDeploymentPostprocessing = 0;
		};
		DFDB7D932B7FDD7F006D2F90 /* Resources */ = {
			isa = PBXResourcesBuildPhase;
			buildActionMask = 2147483647;
			files = (
			);
			runOnlyForDeploymentPostprocessing = 0;
		};
/* End PBXResourcesBuildPhase section */

/* Begin PBXSourcesBuildPhase section */
		DFDB7D6E2B7FDD7E006D2F90 /* Sources */ = {
			isa = PBXSourcesBuildPhase;
			buildActionMask = 2147483647;
			files = (
				DFDB7D7A2B7FDD7E006D2F90 /* ViewController.swift in Sources */,
				DFDB7D762B7FDD7E006D2F90 /* AppDelegate.swift in Sources */,
				DFDB7D782B7FDD7E006D2F90 /* SceneDelegate.swift in Sources */,
				DFDB7D802B7FDD7E006D2F90 /* NewYorkTimesArticles.xcdatamodeld in Sources */,
			);
			runOnlyForDeploymentPostprocessing = 0;
		};
		DFDB7D872B7FDD7F006D2F90 /* Sources */ = {
			isa = PBXSourcesBuildPhase;
			buildActionMask = 2147483647;
			files = (
				DFDB7D902B7FDD7F006D2F90 /* NewYorkTimesArticlesTests.swift in Sources */,
			);
			runOnlyForDeploymentPostprocessing = 0;
		};
		DFDB7D912B7FDD7F006D2F90 /* Sources */ = {
			isa = PBXSourcesBuildPhase;
			buildActionMask = 2147483647;
			files = (
				DFDB7D9C2B7FDD7F006D2F90 /* NewYorkTimesArticlesUITestsLaunchTests.swift in Sources */,
				DFDB7D9A2B7FDD7F006D2F90 /* NewYorkTimesArticlesUITests.swift in Sources */,
			);
			runOnlyForDeploymentPostprocessing = 0;
		};
/* End PBXSourcesBuildPhase section */

/* Begin PBXTargetDependency section */
		DFDB7D8D2B7FDD7F006D2F90 /* PBXTargetDependency */ = {
			isa = PBXTargetDependency;
			target = DFDB7D712B7FDD7E006D2F90 /* NewYorkTimesArticles */;
			targetProxy = DFDB7D8C2B7FDD7F006D2F90 /* PBXContainerItemProxy */;
		};
		DFDB7D972B7FDD7F006D2F90 /* PBXTargetDependency */ = {
			isa = PBXTargetDependency;
			target = DFDB7D712B7FDD7E006D2F90 /* NewYorkTimesArticles */;
			targetProxy = DFDB7D962B7FDD7F006D2F90 /* PBXContainerItemProxy */;
		};
/* End PBXTargetDependency section */

/* Begin PBXVariantGroup section */
		DFDB7D7B2B7FDD7E006D2F90 /* Main.storyboard */ = {
			isa = PBXVariantGroup;
			children = (
				DFDB7D7C2B7FDD7E006D2F90 /* Base */,
			);
			name = Main.storyboard;
			sourceTree = "<group>";
		};
		DFDB7D832B7FDD7F006D2F90 /* LaunchScreen.storyboard */ = {
			isa = PBXVariantGroup;
			children = (
				DFDB7D842B7FDD7F006D2F90 /* Base */,
			);
			name = LaunchScreen.storyboard;
			sourceTree = "<group>";
		};
/* End PBXVariantGroup section */

/* Begin XCBuildConfiguration section */
		DFDB7D9D2B7FDD7F006D2F90 /* Debug */ = {
			isa = XCBuildConfiguration;
			buildSettings = {
				ALWAYS_SEARCH_USER_PATHS = NO;
				CLANG_ANALYZER_NONNULL = YES;
				CLANG_ANALYZER_NUMBER_OBJECT_CONVERSION = YES_AGGRESSIVE;
				CLANG_CXX_LANGUAGE_STANDARD = "gnu++20";
				CLANG_ENABLE_MODULES = YES;
				CLANG_ENABLE_OBJC_ARC = YES;
				CLANG_ENABLE_OBJC_WEAK = YES;
				CLANG_WARN_BLOCK_CAPTURE_AUTORELEASING = YES;
				CLANG_WARN_BOOL_CONVERSION = YES;
				CLANG_WARN_COMMA = YES;
				CLANG_WARN_CONSTANT_CONVERSION = YES;
				CLANG_WARN_DEPRECATED_OBJC_IMPLEMENTATIONS = YES;
				CLANG_WARN_DIRECT_OBJC_ISA_USAGE = YES_ERROR;
				CLANG_WARN_DOCUMENTATION_COMMENTS = YES;
				CLANG_WARN_EMPTY_BODY = YES;
				CLANG_WARN_ENUM_CONVERSION = YES;
				CLANG_WARN_INFINITE_RECURSION = YES;
				CLANG_WARN_INT_CONVERSION = YES;
				CLANG_WARN_NON_LITERAL_NULL_CONVERSION = YES;
				CLANG_WARN_OBJC_IMPLICIT_RETAIN_SELF = YES;
				CLANG_WARN_OBJC_LITERAL_CONVERSION = YES;
				CLANG_WARN_OBJC_ROOT_CLASS = YES_ERROR;
				CLANG_WARN_QUOTED_INCLUDE_IN_FRAMEWORK_HEADER = YES;
				CLANG_WARN_RANGE_LOOP_ANALYSIS = YES;
				CLANG_WARN_STRICT_PROTOTYPES = YES;
				CLANG_WARN_SUSPICIOUS_MOVE = YES;
				CLANG_WARN_UNGUARDED_AVAILABILITY = YES_AGGRESSIVE;
				CLANG_WARN_UNREACHABLE_CODE = YES;
				CLANG_WARN__DUPLICATE_METHOD_MATCH = YES;
				COPY_PHASE_STRIP = NO;
				DEBUG_INFORMATION_FORMAT = dwarf;
				ENABLE_STRICT_OBJC_MSGSEND = YES;
				ENABLE_TESTABILITY = YES;
				GCC_C_LANGUAGE_STANDARD = gnu11;
				GCC_DYNAMIC_NO_PIC = NO;
				GCC_NO_COMMON_BLOCKS = YES;
				GCC_OPTIMIZATION_LEVEL = 0;
				GCC_PREPROCESSOR_DEFINITIONS = (
					"DEBUG=1",
					"$(inherited)",
				);
				GCC_WARN_64_TO_32_BIT_CONVERSION = YES;
				GCC_WARN_ABOUT_RETURN_TYPE = YES_ERROR;
				GCC_WARN_UNDECLARED_SELECTOR = YES;
				GCC_WARN_UNINITIALIZED_AUTOS = YES_AGGRESSIVE;
				GCC_WARN_UNUSED_FUNCTION = YES;
				GCC_WARN_UNUSED_VARIABLE = YES;
				IPHONEOS_DEPLOYMENT_TARGET = 16.4;
				MTL_ENABLE_DEBUG_INFO = INCLUDE_SOURCE;
				MTL_FAST_MATH = YES;
				ONLY_ACTIVE_ARCH = YES;
				SDKROOT = iphoneos;
				SWIFT_ACTIVE_COMPILATION_CONDITIONS = DEBUG;
				SWIFT_OPTIMIZATION_LEVEL = "-Onone";
			};
			name = Debug;
		};
		DFDB7D9E2B7FDD7F006D2F90 /* Release */ = {
			isa = XCBuildConfiguration;
			buildSettings = {
				ALWAYS_SEARCH_USER_PATHS = NO;
				CLANG_ANALYZER_NONNULL = YES;
				CLANG_ANALYZER_NUMBER_OBJECT_CONVERSION = YES_AGGRESSIVE;
				CLANG_CXX_LANGUAGE_STANDARD = "gnu++20";
				CLANG_ENABLE_MODULES = YES;
				CLANG_ENABLE_OBJC_ARC = YES;
				CLANG_ENABLE_OBJC_WEAK = YES;
				CLANG_WARN_BLOCK_CAPTURE_AUTORELEASING = YES;
				CLANG_WARN_BOOL_CONVERSION = YES;
				CLANG_WARN_COMMA = YES;
				CLANG_WARN_CONSTANT_CONVERSION = YES;
				CLANG_WARN_DEPRECATED_OBJC_IMPLEMENTATIONS = YES;
				CLANG_WARN_DIRECT_OBJC_ISA_USAGE = YES_ERROR;
				CLANG_WARN_DOCUMENTATION_COMMENTS = YES;
				CLANG_WARN_EMPTY_BODY = YES;
				CLANG_WARN_ENUM_CONVERSION = YES;
				CLANG_WARN_INFINITE_RECURSION = YES;
				CLANG_WARN_INT_CONVERSION = YES;
				CLANG_WARN_NON_LITERAL_NULL_CONVERSION = YES;
				CLANG_WARN_OBJC_IMPLICIT_RETAIN_SELF = YES;
				CLANG_WARN_OBJC_LITERAL_CONVERSION = YES;
				CLANG_WARN_OBJC_ROOT_CLASS = YES_ERROR;
				CLANG_WARN_QUOTED_INCLUDE_IN_FRAMEWORK_HEADER = YES;
				CLANG_WARN_RANGE_LOOP_ANALYSIS = YES;
				CLANG_WARN_STRICT_PROTOTYPES = YES;
				CLANG_WARN_SUSPICIOUS_MOVE = YES;
				CLANG_WARN_UNGUARDED_AVAILABILITY = YES_AGGRESSIVE;
				CLANG_WARN_UNREACHABLE_CODE = YES;
				CLANG_WARN__DUPLICATE_METHOD_MATCH = YES;
				COPY_PHASE_STRIP = NO;
				DEBUG_INFORMATION_FORMAT = "dwarf-with-dsym";
				ENABLE_NS_ASSERTIONS = NO;
				ENABLE_STRICT_OBJC_MSGSEND = YES;
				GCC_C_LANGUAGE_STANDARD = gnu11;
				GCC_NO_COMMON_BLOCKS = YES;
				GCC_WARN_64_TO_32_BIT_CONVERSION = YES;
				GCC_WARN_ABOUT_RETURN_TYPE = YES_ERROR;
				GCC_WARN_UNDECLARED_SELECTOR = YES;
				GCC_WARN_UNINITIALIZED_AUTOS = YES_AGGRESSIVE;
				GCC_WARN_UNUSED_FUNCTION = YES;
				GCC_WARN_UNUSED_VARIABLE = YES;
				IPHONEOS_DEPLOYMENT_TARGET = 16.4;
				MTL_ENABLE_DEBUG_INFO = NO;
				MTL_FAST_MATH = YES;
				SDKROOT = iphoneos;
				SWIFT_COMPILATION_MODE = wholemodule;
				SWIFT_OPTIMIZATION_LEVEL = "-O";
				VALIDATE_PRODUCT = YES;
			};
			name = Release;
		};
		DFDB7DA02B7FDD7F006D2F90 /* Debug */ = {
			isa = XCBuildConfiguration;
			buildSettings = {
				ASSETCATALOG_COMPILER_APPICON_NAME = AppIcon;
				ASSETCATALOG_COMPILER_GLOBAL_ACCENT_COLOR_NAME = AccentColor;
				CODE_SIGN_STYLE = Automatic;
				CURRENT_PROJECT_VERSION = 1;
				GENERATE_INFOPLIST_FILE = YES;
				INFOPLIST_FILE = NewYorkTimesArticles/Info.plist;
				INFOPLIST_KEY_UIApplicationSupportsIndirectInputEvents = YES;
				INFOPLIST_KEY_UILaunchStoryboardName = LaunchScreen;
				INFOPLIST_KEY_UIMainStoryboardFile = Main;
				INFOPLIST_KEY_UISupportedInterfaceOrientations_iPad = "UIInterfaceOrientationPortrait UIInterfaceOrientationPortraitUpsideDown UIInterfaceOrientationLandscapeLeft UIInterfaceOrientationLandscapeRight";
				INFOPLIST_KEY_UISupportedInterfaceOrientations_iPhone = "UIInterfaceOrientationPortrait UIInterfaceOrientationLandscapeLeft UIInterfaceOrientationLandscapeRight";
				LD_RUNPATH_SEARCH_PATHS = (
					"$(inherited)",
					"@executable_path/Frameworks",
				);
				MARKETING_VERSION = 1.0;
				PRODUCT_BUNDLE_IDENTIFIER = "com.luis-g-rano.NewYorkTimesArticles";
				PRODUCT_NAME = "$(TARGET_NAME)";
				SWIFT_EMIT_LOC_STRINGS = YES;
				SWIFT_VERSION = 5.0;
				TARGETED_DEVICE_FAMILY = "1,2";
			};
			name = Debug;
		};
		DFDB7DA12B7FDD7F006D2F90 /* Release */ = {
			isa = XCBuildConfiguration;
			buildSettings = {
				ASSETCATALOG_COMPILER_APPICON_NAME = AppIcon;
				ASSETCATALOG_COMPILER_GLOBAL_ACCENT_COLOR_NAME = AccentColor;
				CODE_SIGN_STYLE = Automatic;
				CURRENT_PROJECT_VERSION = 1;
				GENERATE_INFOPLIST_FILE = YES;
				INFOPLIST_FILE = NewYorkTimesArticles/Info.plist;
				INFOPLIST_KEY_UIApplicationSupportsIndirectInputEvents = YES;
				INFOPLIST_KEY_UILaunchStoryboardName = LaunchScreen;
				INFOPLIST_KEY_UIMainStoryboardFile = Main;
				INFOPLIST_KEY_UISupportedInterfaceOrientations_iPad = "UIInterfaceOrientationPortrait UIInterfaceOrientationPortraitUpsideDown UIInterfaceOrientationLandscapeLeft UIInterfaceOrientationLandscapeRight";
				INFOPLIST_KEY_UISupportedInterfaceOrientations_iPhone = "UIInterfaceOrientationPortrait UIInterfaceOrientationLandscapeLeft UIInterfaceOrientationLandscapeRight";
				LD_RUNPATH_SEARCH_PATHS = (
					"$(inherited)",
					"@executable_path/Frameworks",
				);
				MARKETING_VERSION = 1.0;
				PRODUCT_BUNDLE_IDENTIFIER = "com.luis-g-rano.NewYorkTimesArticles";
				PRODUCT_NAME = "$(TARGET_NAME)";
				SWIFT_EMIT_LOC_STRINGS = YES;
				SWIFT_VERSION = 5.0;
				TARGETED_DEVICE_FAMILY = "1,2";
			};
			name = Release;
		};
		DFDB7DA32B7FDD7F006D2F90 /* Debug */ = {
			isa = XCBuildConfiguration;
			buildSettings = {
				ALWAYS_EMBED_SWIFT_STANDARD_LIBRARIES = YES;
				BUNDLE_LOADER = "$(TEST_HOST)";
				CODE_SIGN_STYLE = Automatic;
				CURRENT_PROJECT_VERSION = 1;
				GENERATE_INFOPLIST_FILE = YES;
				IPHONEOS_DEPLOYMENT_TARGET = 16.4;
				MARKETING_VERSION = 1.0;
				PRODUCT_BUNDLE_IDENTIFIER = "com.luis-g-rano.NewYorkTimesArticlesTests";
				PRODUCT_NAME = "$(TARGET_NAME)";
				SWIFT_EMIT_LOC_STRINGS = NO;
				SWIFT_VERSION = 5.0;
				TARGETED_DEVICE_FAMILY = "1,2";
				TEST_HOST = "$(BUILT_PRODUCTS_DIR)/NewYorkTimesArticles.app/$(BUNDLE_EXECUTABLE_FOLDER_PATH)/NewYorkTimesArticles";
			};
			name = Debug;
		};
		DFDB7DA42B7FDD7F006D2F90 /* Release */ = {
			isa = XCBuildConfiguration;
			buildSettings = {
				ALWAYS_EMBED_SWIFT_STANDARD_LIBRARIES = YES;
				BUNDLE_LOADER = "$(TEST_HOST)";
				CODE_SIGN_STYLE = Automatic;
				CURRENT_PROJECT_VERSION = 1;
				GENERATE_INFOPLIST_FILE = YES;
				IPHONEOS_DEPLOYMENT_TARGET = 16.4;
				MARKETING_VERSION = 1.0;
				PRODUCT_BUNDLE_IDENTIFIER = "com.luis-g-rano.NewYorkTimesArticlesTests";
				PRODUCT_NAME = "$(TARGET_NAME)";
				SWIFT_EMIT_LOC_STRINGS = NO;
				SWIFT_VERSION = 5.0;
				TARGETED_DEVICE_FAMILY = "1,2";
				TEST_HOST = "$(BUILT_PRODUCTS_DIR)/NewYorkTimesArticles.app/$(BUNDLE_EXECUTABLE_FOLDER_PATH)/NewYorkTimesArticles";
			};
			name = Release;
		};
		DFDB7DA62B7FDD7F006D2F90 /* Debug */ = {
			isa = XCBuildConfiguration;
			buildSettings = {
				ALWAYS_EMBED_SWIFT_STANDARD_LIBRARIES = YES;
				CODE_SIGN_STYLE = Automatic;
				CURRENT_PROJECT_VERSION = 1;
				GENERATE_INFOPLIST_FILE = YES;
				MARKETING_VERSION = 1.0;
				PRODUCT_BUNDLE_IDENTIFIER = "com.luis-g-rano.NewYorkTimesArticlesUITests";
				PRODUCT_NAME = "$(TARGET_NAME)";
				SWIFT_EMIT_LOC_STRINGS = NO;
				SWIFT_VERSION = 5.0;
				TARGETED_DEVICE_FAMILY = "1,2";
				TEST_TARGET_NAME = NewYorkTimesArticles;
			};
			name = Debug;
		};
		DFDB7DA72B7FDD7F006D2F90 /* Release */ = {
			isa = XCBuildConfiguration;
			buildSettings = {
				ALWAYS_EMBED_SWIFT_STANDARD_LIBRARIES = YES;
				CODE_SIGN_STYLE = Automatic;
				CURRENT_PROJECT_VERSION = 1;
				GENERATE_INFOPLIST_FILE = YES;
				MARKETING_VERSION = 1.0;
				PRODUCT_BUNDLE_IDENTIFIER = "com.luis-g-rano.NewYorkTimesArticlesUITests";
				PRODUCT_NAME = "$(TARGET_NAME)";
				SWIFT_EMIT_LOC_STRINGS = NO;
				SWIFT_VERSION = 5.0;
				TARGETED_DEVICE_FAMILY = "1,2";
				TEST_TARGET_NAME = NewYorkTimesArticles;
			};
			name = Release;
		};
/* End XCBuildConfiguration section */

/* Begin XCConfigurationList section */
		DFDB7D6D2B7FDD7E006D2F90 /* Build configuration list for PBXProject "NewYorkTimesArticles" */ = {
			isa = XCConfigurationList;
			buildConfigurations = (
				DFDB7D9D2B7FDD7F006D2F90 /* Debug */,
				DFDB7D9E2B7FDD7F006D2F90 /* Release */,
			);
			defaultConfigurationIsVisible = 0;
			defaultConfigurationName = Release;
		};
		DFDB7D9F2B7FDD7F006D2F90 /* Build configuration list for PBXNativeTarget "NewYorkTimesArticles" */ = {
			isa = XCConfigurationList;
			buildConfigurations = (
				DFDB7DA02B7FDD7F006D2F90 /* Debug */,
				DFDB7DA12B7FDD7F006D2F90 /* Release */,
			);
			defaultConfigurationIsVisible = 0;
			defaultConfigurationName = Release;
		};
		DFDB7DA22B7FDD7F006D2F90 /* Build configuration list for PBXNativeTarget "NewYorkTimesArticlesTests" */ = {
			isa = XCConfigurationList;
			buildConfigurations = (
				DFDB7DA32B7FDD7F006D2F90 /* Debug */,
				DFDB7DA42B7FDD7F006D2F90 /* Release */,
			);
			defaultConfigurationIsVisible = 0;
			defaultConfigurationName = Release;
		};
		DFDB7DA52B7FDD7F006D2F90 /* Build configuration list for PBXNativeTarget "NewYorkTimesArticlesUITests" */ = {
			isa = XCConfigurationList;
			buildConfigurations = (
				DFDB7DA62B7FDD7F006D2F90 /* Debug */,
				DFDB7DA72B7FDD7F006D2F90 /* Release */,
			);
			defaultConfigurationIsVisible = 0;
			defaultConfigurationName = Release;
		};
/* End XCConfigurationList section */

/* Begin XCVersionGroup section */
		DFDB7D7E2B7FDD7E006D2F90 /* NewYorkTimesArticles.xcdatamodeld */ = {
			isa = XCVersionGroup;
			children = (
				DFDB7D7F2B7FDD7E006D2F90 /* NewYorkTimesArticles.xcdatamodel */,
			);
			currentVersion = DFDB7D7F2B7FDD7E006D2F90 /* NewYorkTimesArticles.xcdatamodel */;
			path = NewYorkTimesArticles.xcdatamodeld;
			sourceTree = "<group>";
			versionGroupType = wrapper.xcdatamodel;
		};
/* End XCVersionGroup section */
	};
	rootObject = DFDB7D6A2B7FDD7E006D2F90 /* Project object */;
}
